
Microsoft Visual Studio Solution File, Format Version 12.00
# Visual Studio 2013
VisualStudioVersion = 12.0.40629.0
MinimumVisualStudioVersion = 10.0.40219.1
Project("{FAE04EC0-301F-11D3-BF4B-00C04F79EFBC}") = "calculator", "calculator\calculator.csproj", "{5750952A-D17C-4F33-B780-092DE18470F7}"
EndProject
Project("{FAE04EC0-301F-11D3-BF4B-00C04F79EFBC}") = "calculator.tests", "calculator.tests\calculator.tests.csproj", "{B8939609-8797-4FB7-A58E-C4C4FD13A523}"
EndProject
Global
	GlobalSection(SolutionConfigurationPlatforms) = preSolution
		Debug|Any CPU = Debug|Any CPU
		Release|Any CPU = Release|Any CPU
	EndGlobalSection
	GlobalSection(ProjectConfigurationPlatforms) = postSolution
		{5750952A-D17C-4F33-B780-092DE18470F7}.Debug|Any CPU.ActiveCfg = Debug|Any CPU
		{5750952A-D17C-4F33-B780-092DE18470F7}.Debug|Any CPU.Build.0 = Debug|Any CPU
		{5750952A-D17C-4F33-B780-092DE18470F7}.Release|Any CPU.ActiveCfg = Release|Any CPU
		{5750952A-D17C-4F33-B780-092DE18470F7}.Release|Any CPU.Build.0 = Release|Any CPU
		{B8939609-8797-4FB7-A58E-C4C4FD13A523}.Debug|Any CPU.ActiveCfg = Debug|Any CPU
		{B8939609-8797-4FB7-A58E-C4C4FD13A523}.Debug|Any CPU.Build.0 = Debug|Any CPU
		{B8939609-8797-4FB7-A58E-C4C4FD13A523}.Release|Any CPU.ActiveCfg = Release|Any CPU
		{B8939609-8797-4FB7-A58E-C4C4FD13A523}.Release|Any CPU.Build.0 = Release|Any CPU
	EndGlobalSection
	GlobalSection(SolutionProperties) = preSolution
		HideSolutionNode = FALSE
	EndGlobalSection
EndGlobal
